
Microsoft Visual Studio Solution File, Format Version 12.00
# Visual Studio Version 17
VisualStudioVersion = 17.13.35818.85
MinimumVisualStudioVersion = 10.0.40219.1
Project("{FAE04EC0-301F-11D3-BF4B-00C04F79EFBC}") = "5-1", "5-1\5-1.csproj", "{FD4BA4EB-0494-44C0-B2D4-3E914F86C89F}"
EndProject
Project("{FAE04EC0-301F-11D3-BF4B-00C04F79EFBC}") = "5-1Tests", "5-1Tests\5-1Tests.csproj", "{9D7B96CB-614E-4094-8A79-45F2073EC03F}"
EndProject
Project("{FAE04EC0-301F-11D3-BF4B-00C04F79EFBC}") = "5-1Tests1", "5-1Tests1\5-1Tests1.csproj", "{90A20573-DB06-4065-B9B2-DA8D88E31A43}"
EndProject
Project("{FAE04EC0-301F-11D3-BF4B-00C04F79EFBC}") = "5-1Tests2", "5-1Tests2\5-1Tests2.csproj", "{5D2EE1E9-E150-4AFA-9539-F8FD31D1B451}"
EndProject
Global
	GlobalSection(SolutionConfigurationPlatforms) = preSolution
		Debug|Any CPU = Debug|Any CPU
		Release|Any CPU = Release|Any CPU
	EndGlobalSection
	GlobalSection(ProjectConfigurationPlatforms) = postSolution
		{FD4BA4EB-0494-44C0-B2D4-3E914F86C89F}.Debug|Any CPU.ActiveCfg = Debug|Any CPU
		{FD4BA4EB-0494-44C0-B2D4-3E914F86C89F}.Debug|Any CPU.Build.0 = Debug|Any CPU
		{FD4BA4EB-0494-44C0-B2D4-3E914F86C89F}.Release|Any CPU.ActiveCfg = Release|Any CPU
		{FD4BA4EB-0494-44C0-B2D4-3E914F86C89F}.Release|Any CPU.Build.0 = Release|Any CPU
		{9D7B96CB-614E-4094-8A79-45F2073EC03F}.Debug|Any CPU.ActiveCfg = Debug|Any CPU
		{9D7B96CB-614E-4094-8A79-45F2073EC03F}.Debug|Any CPU.Build.0 = Debug|Any CPU
		{9D7B96CB-614E-4094-8A79-45F2073EC03F}.Release|Any CPU.ActiveCfg = Release|Any CPU
		{9D7B96CB-614E-4094-8A79-45F2073EC03F}.Release|Any CPU.Build.0 = Release|Any CPU
		{90A20573-DB06-4065-B9B2-DA8D88E31A43}.Debug|Any CPU.ActiveCfg = Debug|Any CPU
		{90A20573-DB06-4065-B9B2-DA8D88E31A43}.Debug|Any CPU.Build.0 = Debug|Any CPU
		{90A20573-DB06-4065-B9B2-DA8D88E31A43}.Release|Any CPU.ActiveCfg = Release|Any CPU
		{90A20573-DB06-4065-B9B2-DA8D88E31A43}.Release|Any CPU.Build.0 = Release|Any CPU
		{5D2EE1E9-E150-4AFA-9539-F8FD31D1B451}.Debug|Any CPU.ActiveCfg = Debug|Any CPU
		{5D2EE1E9-E150-4AFA-9539-F8FD31D1B451}.Debug|Any CPU.Build.0 = Debug|Any CPU
		{5D2EE1E9-E150-4AFA-9539-F8FD31D1B451}.Release|Any CPU.ActiveCfg = Release|Any CPU
		{5D2EE1E9-E150-4AFA-9539-F8FD31D1B451}.Release|Any CPU.Build.0 = Release|Any CPU
	EndGlobalSection
	GlobalSection(SolutionProperties) = preSolution
		HideSolutionNode = FALSE
	EndGlobalSection
	GlobalSection(ExtensibilityGlobals) = postSolution
		SolutionGuid = {850A2C93-8445-4DFE-9866-4A2F27A0D617}
	EndGlobalSection
EndGlobal
