
Microsoft Visual Studio Solution File, Format Version 12.00
# Visual Studio Version 17
VisualStudioVersion = 17.13.35818.85 d17.13
MinimumVisualStudioVersion = 10.0.40219.1
Project("{FAE04EC0-301F-11D3-BF4B-00C04F79EFBC}") = "homework2.3", "homework2.3\homework2.3.csproj", "{FD778573-B21D-401A-A687-4567CECA85D7}"
EndProject
Global
	GlobalSection(SolutionConfigurationPlatforms) = preSolution
		Debug|Any CPU = Debug|Any CPU
		Release|Any CPU = Release|Any CPU
	EndGlobalSection
	GlobalSection(ProjectConfigurationPlatforms) = postSolution
		{FD778573-B21D-401A-A687-4567CECA85D7}.Debug|Any CPU.ActiveCfg = Debug|Any CPU
		{FD778573-B21D-401A-A687-4567CECA85D7}.Debug|Any CPU.Build.0 = Debug|Any CPU
		{FD778573-B21D-401A-A687-4567CECA85D7}.Release|Any CPU.ActiveCfg = Release|Any CPU
		{FD778573-B21D-401A-A687-4567CECA85D7}.Release|Any CPU.Build.0 = Release|Any CPU
	EndGlobalSection
	GlobalSection(SolutionProperties) = preSolution
		HideSolutionNode = FALSE
	EndGlobalSection
	GlobalSection(ExtensibilityGlobals) = postSolution
		SolutionGuid = {BCB491E9-648B-49B5-81A9-4B3CF6A305C1}
	EndGlobalSection
EndGlobal
