
Microsoft Visual Studio Solution File, Format Version 12.00
# Visual Studio Version 17
VisualStudioVersion = 17.13.35818.85 d17.13
MinimumVisualStudioVersion = 10.0.40219.1
Project("{FAE04EC0-301F-11D3-BF4B-00C04F79EFBC}") = "4-2", "4-2\4-2.csproj", "{5ED67CB6-D5A9-460D-AA14-98EE05CDBCD6}"
EndProject
Global
	GlobalSection(SolutionConfigurationPlatforms) = preSolution
		Debug|Any CPU = Debug|Any CPU
		Release|Any CPU = Release|Any CPU
	EndGlobalSection
	GlobalSection(ProjectConfigurationPlatforms) = postSolution
		{5ED67CB6-D5A9-460D-AA14-98EE05CDBCD6}.Debug|Any CPU.ActiveCfg = Debug|Any CPU
		{5ED67CB6-D5A9-460D-AA14-98EE05CDBCD6}.Debug|Any CPU.Build.0 = Debug|Any CPU
		{5ED67CB6-D5A9-460D-AA14-98EE05CDBCD6}.Release|Any CPU.ActiveCfg = Release|Any CPU
		{5ED67CB6-D5A9-460D-AA14-98EE05CDBCD6}.Release|Any CPU.Build.0 = Release|Any CPU
	EndGlobalSection
	GlobalSection(SolutionProperties) = preSolution
		HideSolutionNode = FALSE
	EndGlobalSection
	GlobalSection(ExtensibilityGlobals) = postSolution
		SolutionGuid = {48B528E6-0C63-467D-BFA4-46D28BE09671}
	EndGlobalSection
EndGlobal
