
Microsoft Visual Studio Solution File, Format Version 12.00
# Visual Studio Version 17
VisualStudioVersion = 17.13.35818.85 d17.13
MinimumVisualStudioVersion = 10.0.40219.1
Project("{FAE04EC0-301F-11D3-BF4B-00C04F79EFBC}") = "PrimeFactor", "PrimeFactor\PrimeFactor.csproj", "{BDA4ABC6-E6DA-4E74-9410-CF4E06BACF74}"
EndProject
Global
	GlobalSection(SolutionConfigurationPlatforms) = preSolution
		Debug|Any CPU = Debug|Any CPU
		Release|Any CPU = Release|Any CPU
	EndGlobalSection
	GlobalSection(ProjectConfigurationPlatforms) = postSolution
		{BDA4ABC6-E6DA-4E74-9410-CF4E06BACF74}.Debug|Any CPU.ActiveCfg = Debug|Any CPU
		{BDA4ABC6-E6DA-4E74-9410-CF4E06BACF74}.Debug|Any CPU.Build.0 = Debug|Any CPU
		{BDA4ABC6-E6DA-4E74-9410-CF4E06BACF74}.Release|Any CPU.ActiveCfg = Release|Any CPU
		{BDA4ABC6-E6DA-4E74-9410-CF4E06BACF74}.Release|Any CPU.Build.0 = Release|Any CPU
	EndGlobalSection
	GlobalSection(SolutionProperties) = preSolution
		HideSolutionNode = FALSE
	EndGlobalSection
	GlobalSection(ExtensibilityGlobals) = postSolution
		SolutionGuid = {9B045256-9ADA-4423-B326-326C8C6E09C4}
	EndGlobalSection
EndGlobal
