
Microsoft Visual Studio Solution File, Format Version 12.00
# Visual Studio Version 17
VisualStudioVersion = 17.13.35818.85 d17.13
MinimumVisualStudioVersion = 10.0.40219.1
Project("{FAE04EC0-301F-11D3-BF4B-00C04F79EFBC}") = "3-1", "3-1\3-1.csproj", "{9E524582-A006-496D-8A66-C074F8E9A69B}"
EndProject
Global
	GlobalSection(SolutionConfigurationPlatforms) = preSolution
		Debug|Any CPU = Debug|Any CPU
		Release|Any CPU = Release|Any CPU
	EndGlobalSection
	GlobalSection(ProjectConfigurationPlatforms) = postSolution
		{9E524582-A006-496D-8A66-C074F8E9A69B}.Debug|Any CPU.ActiveCfg = Debug|Any CPU
		{9E524582-A006-496D-8A66-C074F8E9A69B}.Debug|Any CPU.Build.0 = Debug|Any CPU
		{9E524582-A006-496D-8A66-C074F8E9A69B}.Release|Any CPU.ActiveCfg = Release|Any CPU
		{9E524582-A006-496D-8A66-C074F8E9A69B}.Release|Any CPU.Build.0 = Release|Any CPU
	EndGlobalSection
	GlobalSection(SolutionProperties) = preSolution
		HideSolutionNode = FALSE
	EndGlobalSection
	GlobalSection(ExtensibilityGlobals) = postSolution
		SolutionGuid = {50B6E493-5D8A-4CDA-87B3-0C549FDFE1A8}
	EndGlobalSection
EndGlobal
