
Microsoft Visual Studio Solution File, Format Version 12.00
# Visual Studio Version 17
VisualStudioVersion = 17.13.35818.85 d17.13
MinimumVisualStudioVersion = 10.0.40219.1
Project("{FAE04EC0-301F-11D3-BF4B-00C04F79EFBC}") = "homework6", "homework6\homework6.csproj", "{5948F95D-A40A-4B29-94C4-2775C4FDDA13}"
EndProject
Project("{FAE04EC0-301F-11D3-BF4B-00C04F79EFBC}") = "homework6Tests", "homework6Tests\homework6Tests.csproj", "{1D5F0562-C653-4961-9B51-793D14ADA4D3}"
EndProject
Global
	GlobalSection(SolutionConfigurationPlatforms) = preSolution
		Debug|Any CPU = Debug|Any CPU
		Release|Any CPU = Release|Any CPU
	EndGlobalSection
	GlobalSection(ProjectConfigurationPlatforms) = postSolution
		{5948F95D-A40A-4B29-94C4-2775C4FDDA13}.Debug|Any CPU.ActiveCfg = Debug|Any CPU
		{5948F95D-A40A-4B29-94C4-2775C4FDDA13}.Debug|Any CPU.Build.0 = Debug|Any CPU
		{5948F95D-A40A-4B29-94C4-2775C4FDDA13}.Release|Any CPU.ActiveCfg = Release|Any CPU
		{5948F95D-A40A-4B29-94C4-2775C4FDDA13}.Release|Any CPU.Build.0 = Release|Any CPU
		{1D5F0562-C653-4961-9B51-793D14ADA4D3}.Debug|Any CPU.ActiveCfg = Debug|Any CPU
		{1D5F0562-C653-4961-9B51-793D14ADA4D3}.Debug|Any CPU.Build.0 = Debug|Any CPU
		{1D5F0562-C653-4961-9B51-793D14ADA4D3}.Release|Any CPU.ActiveCfg = Release|Any CPU
		{1D5F0562-C653-4961-9B51-793D14ADA4D3}.Release|Any CPU.Build.0 = Release|Any CPU
	EndGlobalSection
	GlobalSection(SolutionProperties) = preSolution
		HideSolutionNode = FALSE
	EndGlobalSection
	GlobalSection(ExtensibilityGlobals) = postSolution
		SolutionGuid = {CB0A20C3-6D5D-4AEF-BB63-C5A49AF7B2F6}
	EndGlobalSection
EndGlobal
