
Microsoft Visual Studio Solution File, Format Version 12.00
# Visual Studio Version 17
VisualStudioVersion = 17.13.35818.85 d17.13
MinimumVisualStudioVersion = 10.0.40219.1
Project("{FAE04EC0-301F-11D3-BF4B-00C04F79EFBC}") = "Matrix", "Matrix\Matrix.csproj", "{75EEF975-16C8-4CF0-93AD-85CBBBC4286A}"
EndProject
Global
	GlobalSection(SolutionConfigurationPlatforms) = preSolution
		Debug|Any CPU = Debug|Any CPU
		Release|Any CPU = Release|Any CPU
	EndGlobalSection
	GlobalSection(ProjectConfigurationPlatforms) = postSolution
		{75EEF975-16C8-4CF0-93AD-85CBBBC4286A}.Debug|Any CPU.ActiveCfg = Debug|Any CPU
		{75EEF975-16C8-4CF0-93AD-85CBBBC4286A}.Debug|Any CPU.Build.0 = Debug|Any CPU
		{75EEF975-16C8-4CF0-93AD-85CBBBC4286A}.Release|Any CPU.ActiveCfg = Release|Any CPU
		{75EEF975-16C8-4CF0-93AD-85CBBBC4286A}.Release|Any CPU.Build.0 = Release|Any CPU
	EndGlobalSection
	GlobalSection(SolutionProperties) = preSolution
		HideSolutionNode = FALSE
	EndGlobalSection
	GlobalSection(ExtensibilityGlobals) = postSolution
		SolutionGuid = {9DABC804-F336-4319-A5D6-EB4BFC956AA8}
	EndGlobalSection
EndGlobal
